github.com/cheekybits/is v0.0.0-20150225183255-68e9c0620927 h1:SKI1/fuSdodxmNNyVBR8d7X/HuLnRpvvFO0AgyQk764=
github.com/cheekybits/is v0.0.0-20150225183255-68e9c0620927/go.mod h1:h/aW8ynjgkuj+NQRlZcDbAbM1ORAbXjXX77sX7T289U=
github.com/tanagaku/sample_go_learning v0.0.0-20220131125708-3f87b47e129c h1:+psfRFDhdBuZ+h6n3GzNMF00ckSdBZBZMJvwEb7jzik=
github.com/tanagaku/sample_go_learning v0.0.0-20220131125708-3f87b47e129c/go.mod h1:KfNLDBzKM8ljm5HQUMvIqsSRiyKVDxo04mrZIu936XI=
